// !$*UTF8*$!
{
	archiveVersion = 1;
	classes = {
	};
	objectVersion = 55;
	objects = {

/* Begin PBXBuildFile section */
		44976B86285BC8450010530B /* AppDelegate.m in Sources */ = {isa = PBXBuildFile; fileRef = 44976B85285BC8450010530B /* AppDelegate.m */; };
		44976B89285BC8450010530B /* SceneDelegate.m in Sources */ = {isa = PBXBuildFile; fileRef = 44976B88285BC8450010530B /* SceneDelegate.m */; };
		44976B8C285BC8450010530B /* ViewController.m in Sources */ = {isa = PBXBuildFile; fileRef = 44976B8B285BC8450010530B /* ViewController.m */; };
		44976B8F285BC8450010530B /* Main.storyboard in Resources */ = {isa = PBXBuildFile; fileRef = 44976B8D285BC8450010530B /* Main.storyboard */; };
		44976B91285BC8460010530B /* Assets.xcassets in Resources */ = {isa = PBXBuildFile; fileRef = 44976B90285BC8460010530B /* Assets.xcassets */; };
		44976B94285BC8460010530B /* LaunchScreen.storyboard in Resources */ = {isa = PBXBuildFile; fileRef = 44976B92285BC8460010530B /* LaunchScreen.storyboard */; };
		44976B97285BC8460010530B /* main.m in Sources */ = {isa = PBXBuildFile; fileRef = 44976B96285BC8460010530B /* main.m */; };
		44976BA1285BC8460010530B /* Flixter1Tests.m in Sources */ = {isa = PBXBuildFile; fileRef = 44976BA0285BC8460010530B /* Flixter1Tests.m */; };
		44976BAB285BC8460010530B /* Flixter1UITests.m in Sources */ = {isa = PBXBuildFile; fileRef = 44976BAA285BC8460010530B /* Flixter1UITests.m */; };
		44976BAD285BC8460010530B /* Flixter1UITestsLaunchTests.m in Sources */ = {isa = PBXBuildFile; fileRef = 44976BAC285BC8460010530B /* Flixter1UITestsLaunchTests.m */; };
		44976BBB285BCB8C0010530B /* MovieViewController.m in Sources */ = {isa = PBXBuildFile; fileRef = 44976BBA285BCB8C0010530B /* MovieViewController.m */; };
/* End PBXBuildFile section */

/* Begin PBXContainerItemProxy section */
		44976B9D285BC8460010530B /* PBXContainerItemProxy */ = {
			isa = PBXContainerItemProxy;
			containerPortal = 44976B79285BC8450010530B /* Project object */;
			proxyType = 1;
			remoteGlobalIDString = 44976B80285BC8450010530B;
			remoteInfo = Flixter1;
		};
		44976BA7285BC8460010530B /* PBXContainerItemProxy */ = {
			isa = PBXContainerItemProxy;
			containerPortal = 44976B79285BC8450010530B /* Project object */;
			proxyType = 1;
			remoteGlobalIDString = 44976B80285BC8450010530B;
			remoteInfo = Flixter1;
		};
/* End PBXContainerItemProxy section */

/* Begin PBXFileReference section */
		44976B81285BC8450010530B /* Flixter1.app */ = {isa = PBXFileReference; explicitFileType = wrapper.application; includeInIndex = 0; path = Flixter1.app; sourceTree = BUILT_PRODUCTS_DIR; };
		44976B84285BC8450010530B /* AppDelegate.h */ = {isa = PBXFileReference; lastKnownFileType = sourcecode.c.h; path = AppDelegate.h; sourceTree = "<group>"; };
		44976B85285BC8450010530B /* AppDelegate.m */ = {isa = PBXFileReference; lastKnownFileType = sourcecode.c.objc; path = AppDelegate.m; sourceTree = "<group>"; };
		44976B87285BC8450010530B /* SceneDelegate.h */ = {isa = PBXFileReference; lastKnownFileType = sourcecode.c.h; path = SceneDelegate.h; sourceTree = "<group>"; };
		44976B88285BC8450010530B /* SceneDelegate.m */ = {isa = PBXFileReference; lastKnownFileType = sourcecode.c.objc; path = SceneDelegate.m; sourceTree = "<group>"; };
		44976B8A285BC8450010530B /* ViewController.h */ = {isa = PBXFileReference; lastKnownFileType = sourcecode.c.h; path = ViewController.h; sourceTree = "<group>"; };
		44976B8B285BC8450010530B /* ViewController.m */ = {isa = PBXFileReference; lastKnownFileType = sourcecode.c.objc; path = ViewController.m; sourceTree = "<group>"; };
		44976B8E285BC8450010530B /* Base */ = {isa = PBXFileReference; lastKnownFileType = file.storyboard; name = Base; path = Base.lproj/Main.storyboard; sourceTree = "<group>"; };
		44976B90285BC8460010530B /* Assets.xcassets */ = {isa = PBXFileReference; lastKnownFileType = folder.assetcatalog; path = Assets.xcassets; sourceTree = "<group>"; };
		44976B93285BC8460010530B /* Base */ = {isa = PBXFileReference; lastKnownFileType = file.storyboard; name = Base; path = Base.lproj/LaunchScreen.storyboard; sourceTree = "<group>"; };
		44976B95285BC8460010530B /* Info.plist */ = {isa = PBXFileReference; lastKnownFileType = text.plist.xml; path = Info.plist; sourceTree = "<group>"; };
		44976B96285BC8460010530B /* main.m */ = {isa = PBXFileReference; lastKnownFileType = sourcecode.c.objc; path = main.m; sourceTree = "<group>"; };
		44976B9C285BC8460010530B /* Flixter1Tests.xctest */ = {isa = PBXFileReference; explicitFileType = wrapper.cfbundle; includeInIndex = 0; path = Flixter1Tests.xctest; sourceTree = BUILT_PRODUCTS_DIR; };
		44976BA0285BC8460010530B /* Flixter1Tests.m */ = {isa = PBXFileReference; lastKnownFileType = sourcecode.c.objc; path = Flixter1Tests.m; sourceTree = "<group>"; };
		44976BA6285BC8460010530B /* Flixter1UITests.xctest */ = {isa = PBXFileReference; explicitFileType = wrapper.cfbundle; includeInIndex = 0; path = Flixter1UITests.xctest; sourceTree = BUILT_PRODUCTS_DIR; };
		44976BAA285BC8460010530B /* Flixter1UITests.m */ = {isa = PBXFileReference; lastKnownFileType = sourcecode.c.objc; path = Flixter1UITests.m; sourceTree = "<group>"; };
		44976BAC285BC8460010530B /* Flixter1UITestsLaunchTests.m */ = {isa = PBXFileReference; lastKnownFileType = sourcecode.c.objc; path = Flixter1UITestsLaunchTests.m; sourceTree = "<group>"; };
		44976BB9285BCB8C0010530B /* MovieViewController.h */ = {isa = PBXFileReference; lastKnownFileType = sourcecode.c.h; path = MovieViewController.h; sourceTree = "<group>"; };
		44976BBA285BCB8C0010530B /* MovieViewController.m */ = {isa = PBXFileReference; lastKnownFileType = sourcecode.c.objc; path = MovieViewController.m; sourceTree = "<group>"; };
/* End PBXFileReference section */

/* Begin PBXFrameworksBuildPhase section */
		44976B7E285BC8450010530B /* Frameworks */ = {
			isa = PBXFrameworksBuildPhase;
			buildActionMask = 2147483647;
			files = (
			);
			runOnlyForDeploymentPostprocessing = 0;
		};
		44976B99285BC8460010530B /* Frameworks */ = {
			isa = PBXFrameworksBuildPhase;
			buildActionMask = 2147483647;
			files = (
			);
			runOnlyForDeploymentPostprocessing = 0;
		};
		44976BA3285BC8460010530B /* Frameworks */ = {
			isa = PBXFrameworksBuildPhase;
			buildActionMask = 2147483647;
			files = (
			);
			runOnlyForDeploymentPostprocessing = 0;
		};
/* End PBXFrameworksBuildPhase section */

/* Begin PBXGroup section */
		44976B78285BC8450010530B = {
			isa = PBXGroup;
			children = (
				44976B83285BC8450010530B /* Flixter1 */,
				44976B9F285BC8460010530B /* Flixter1Tests */,
				44976BA9285BC8460010530B /* Flixter1UITests */,
				44976B82285BC8450010530B /* Products */,
			);
			sourceTree = "<group>";
		};
		44976B82285BC8450010530B /* Products */ = {
			isa = PBXGroup;
			children = (
				44976B81285BC8450010530B /* Flixter1.app */,
				44976B9C285BC8460010530B /* Flixter1Tests.xctest */,
				44976BA6285BC8460010530B /* Flixter1UITests.xctest */,
			);
			name = Products;
			sourceTree = "<group>";
		};
		44976B83285BC8450010530B /* Flixter1 */ = {
			isa = PBXGroup;
			children = (
				44976B84285BC8450010530B /* AppDelegate.h */,
				44976B85285BC8450010530B /* AppDelegate.m */,
				44976B87285BC8450010530B /* SceneDelegate.h */,
				44976B88285BC8450010530B /* SceneDelegate.m */,
				44976B8A285BC8450010530B /* ViewController.h */,
				44976B8B285BC8450010530B /* ViewController.m */,
				44976B8D285BC8450010530B /* Main.storyboard */,
				44976BB9285BCB8C0010530B /* MovieViewController.h */,
				44976BBA285BCB8C0010530B /* MovieViewController.m */,
				44976B90285BC8460010530B /* Assets.xcassets */,
				44976B92285BC8460010530B /* LaunchScreen.storyboard */,
				44976B95285BC8460010530B /* Info.plist */,
				44976B96285BC8460010530B /* main.m */,
			);
			path = Flixter1;
			sourceTree = "<group>";
		};
		44976B9F285BC8460010530B /* Flixter1Tests */ = {
			isa = PBXGroup;
			children = (
				44976BA0285BC8460010530B /* Flixter1Tests.m */,
			);
			path = Flixter1Tests;
			sourceTree = "<group>";
		};
		44976BA9285BC8460010530B /* Flixter1UITests */ = {
			isa = PBXGroup;
			children = (
				44976BAA285BC8460010530B /* Flixter1UITests.m */,
				44976BAC285BC8460010530B /* Flixter1UITestsLaunchTests.m */,
			);
			path = Flixter1UITests;
			sourceTree = "<group>";
		};
/* End PBXGroup section */

/* Begin PBXNativeTarget section */
		44976B80285BC8450010530B /* Flixter1 */ = {
			isa = PBXNativeTarget;
			buildConfigurationList = 44976BB0285BC8460010530B /* Build configuration list for PBXNativeTarget "Flixter1" */;
			buildPhases = (
				44976B7D285BC8450010530B /* Sources */,
				44976B7E285BC8450010530B /* Frameworks */,
				44976B7F285BC8450010530B /* Resources */,
			);
			buildRules = (
			);
			dependencies = (
			);
			name = Flixter1;
			productName = Flixter1;
			productReference = 44976B81285BC8450010530B /* Flixter1.app */;
			productType = "com.apple.product-type.application";
		};
		44976B9B285BC8460010530B /* Flixter1Tests */ = {
			isa = PBXNativeTarget;
			buildConfigurationList = 44976BB3285BC8460010530B /* Build configuration list for PBXNativeTarget "Flixter1Tests" */;
			buildPhases = (
				44976B98285BC8460010530B /* Sources */,
				44976B99285BC8460010530B /* Frameworks */,
				44976B9A285BC8460010530B /* Resources */,
			);
			buildRules = (
			);
			dependencies = (
				44976B9E285BC8460010530B /* PBXTargetDependency */,
			);
			name = Flixter1Tests;
			productName = Flixter1Tests;
			productReference = 44976B9C285BC8460010530B /* Flixter1Tests.xctest */;
			productType = "com.apple.product-type.bundle.unit-test";
		};
		44976BA5285BC8460010530B /* Flixter1UITests */ = {
			isa = PBXNativeTarget;
			buildConfigurationList = 44976BB6285BC8460010530B /* Build configuration list for PBXNativeTarget "Flixter1UITests" */;
			buildPhases = (
				44976BA2285BC8460010530B /* Sources */,
				44976BA3285BC8460010530B /* Frameworks */,
				44976BA4285BC8460010530B /* Resources */,
			);
			buildRules = (
			);
			dependencies = (
				44976BA8285BC8460010530B /* PBXTargetDependency */,
			);
			name = Flixter1UITests;
			productName = Flixter1UITests;
			productReference = 44976BA6285BC8460010530B /* Flixter1UITests.xctest */;
			productType = "com.apple.product-type.bundle.ui-testing";
		};
/* End PBXNativeTarget section */

/* Begin PBXProject section */
		44976B79285BC8450010530B /* Project object */ = {
			isa = PBXProject;
			attributes = {
				BuildIndependentTargetsInParallel = 1;
				LastUpgradeCheck = 1340;
				TargetAttributes = {
					44976B80285BC8450010530B = {
						CreatedOnToolsVersion = 13.4.1;
					};
					44976B9B285BC8460010530B = {
						CreatedOnToolsVersion = 13.4.1;
						TestTargetID = 44976B80285BC8450010530B;
					};
					44976BA5285BC8460010530B = {
						CreatedOnToolsVersion = 13.4.1;
						TestTargetID = 44976B80285BC8450010530B;
					};
				};
			};
			buildConfigurationList = 44976B7C285BC8450010530B /* Build configuration list for PBXProject "Flixter1" */;
			compatibilityVersion = "Xcode 13.0";
			developmentRegion = en;
			hasScannedForEncodings = 0;
			knownRegions = (
				en,
				Base,
			);
			mainGroup = 44976B78285BC8450010530B;
			productRefGroup = 44976B82285BC8450010530B /* Products */;
			projectDirPath = "";
			projectRoot = "";
			targets = (
				44976B80285BC8450010530B /* Flixter1 */,
				44976B9B285BC8460010530B /* Flixter1Tests */,
				44976BA5285BC8460010530B /* Flixter1UITests */,
			);
		};
/* End PBXProject section */

/* Begin PBXResourcesBuildPhase section */
		44976B7F285BC8450010530B /* Resources */ = {
			isa = PBXResourcesBuildPhase;
			buildActionMask = 2147483647;
			files = (
				44976B94285BC8460010530B /* LaunchScreen.storyboard in Resources */,
				44976B91285BC8460010530B /* Assets.xcassets in Resources */,
				44976B8F285BC8450010530B /* Main.storyboard in Resources */,
			);
			runOnlyForDeploymentPostprocessing = 0;
		};
		44976B9A285BC8460010530B /* Resources */ = {
			isa = PBXResourcesBuildPhase;
			buildActionMask = 2147483647;
			files = (
			);
			runOnlyForDeploymentPostprocessing = 0;
		};
		44976BA4285BC8460010530B /* Resources */ = {
			isa = PBXResourcesBuildPhase;
			buildActionMask = 2147483647;
			files = (
			);
			runOnlyForDeploymentPostprocessing = 0;
		};
/* End PBXResourcesBuildPhase section */

/* Begin PBXSourcesBuildPhase section */
		44976B7D285BC8450010530B /* Sources */ = {
			isa = PBXSourcesBuildPhase;
			buildActionMask = 2147483647;
			files = (
				44976B8C285BC8450010530B /* ViewController.m in Sources */,
				44976BBB285BCB8C0010530B /* MovieViewController.m in Sources */,
				44976B86285BC8450010530B /* AppDelegate.m in Sources */,
				44976B97285BC8460010530B /* main.m in Sources */,
				44976B89285BC8450010530B /* SceneDelegate.m in Sources */,
			);
			runOnlyForDeploymentPostprocessing = 0;
		};
		44976B98285BC8460010530B /* Sources */ = {
			isa = PBXSourcesBuildPhase;
			buildActionMask = 2147483647;
			files = (
				44976BA1285BC8460010530B /* Flixter1Tests.m in Sources */,
			);
			runOnlyForDeploymentPostprocessing = 0;
		};
		44976BA2285BC8460010530B /* Sources */ = {
			isa = PBXSourcesBuildPhase;
			buildActionMask = 2147483647;
			files = (
				44976BAB285BC8460010530B /* Flixter1UITests.m in Sources */,
				44976BAD285BC8460010530B /* Flixter1UITestsLaunchTests.m in Sources */,
			);
			runOnlyForDeploymentPostprocessing = 0;
		};
/* End PBXSourcesBuildPhase section */

/* Begin PBXTargetDependency section */
		44976B9E285BC8460010530B /* PBXTargetDependency */ = {
			isa = PBXTargetDependency;
			target = 44976B80285BC8450010530B /* Flixter1 */;
			targetProxy = 44976B9D285BC8460010530B /* PBXContainerItemProxy */;
		};
		44976BA8285BC8460010530B /* PBXTargetDependency */ = {
			isa = PBXTargetDependency;
			target = 44976B80285BC8450010530B /* Flixter1 */;
			targetProxy = 44976BA7285BC8460010530B /* PBXContainerItemProxy */;
		};
/* End PBXTargetDependency section */

/* Begin PBXVariantGroup section */
		44976B8D285BC8450010530B /* Main.storyboard */ = {
			isa = PBXVariantGroup;
			children = (
				44976B8E285BC8450010530B /* Base */,
			);
			name = Main.storyboard;
			sourceTree = "<group>";
		};
		44976B92285BC8460010530B /* LaunchScreen.storyboard */ = {
			isa = PBXVariantGroup;
			children = (
				44976B93285BC8460010530B /* Base */,
			);
			name = LaunchScreen.storyboard;
			sourceTree = "<group>";
		};
/* End PBXVariantGroup section */

/* Begin XCBuildConfiguration section */
		44976BAE285BC8460010530B /* Debug */ = {
			isa = XCBuildConfiguration;
			buildSettings = {
				ALWAYS_SEARCH_USER_PATHS = NO;
				CLANG_ANALYZER_NONNULL = YES;
				CLANG_ANALYZER_NUMBER_OBJECT_CONVERSION = YES_AGGRESSIVE;
				CLANG_CXX_LANGUAGE_STANDARD = "gnu++17";
				CLANG_ENABLE_MODULES = YES;
				CLANG_ENABLE_OBJC_ARC = YES;
				CLANG_ENABLE_OBJC_WEAK = YES;
				CLANG_WARN_BLOCK_CAPTURE_AUTORELEASING = YES;
				CLANG_WARN_BOOL_CONVERSION = YES;
				CLANG_WARN_COMMA = YES;
				CLANG_WARN_CONSTANT_CONVERSION = YES;
				CLANG_WARN_DEPRECATED_OBJC_IMPLEMENTATIONS = YES;
				CLANG_WARN_DIRECT_OBJC_ISA_USAGE = YES_ERROR;
				CLANG_WARN_DOCUMENTATION_COMMENTS = YES;
				CLANG_WARN_EMPTY_BODY = YES;
				CLANG_WARN_ENUM_CONVERSION = YES;
				CLANG_WARN_INFINITE_RECURSION = YES;
				CLANG_WARN_INT_CONVERSION = YES;
				CLANG_WARN_NON_LITERAL_NULL_CONVERSION = YES;
				CLANG_WARN_OBJC_IMPLICIT_RETAIN_SELF = YES;
				CLANG_WARN_OBJC_LITERAL_CONVERSION = YES;
				CLANG_WARN_OBJC_ROOT_CLASS = YES_ERROR;
				CLANG_WARN_QUOTED_INCLUDE_IN_FRAMEWORK_HEADER = YES;
				CLANG_WARN_RANGE_LOOP_ANALYSIS = YES;
				CLANG_WARN_STRICT_PROTOTYPES = YES;
				CLANG_WARN_SUSPICIOUS_MOVE = YES;
				CLANG_WARN_UNGUARDED_AVAILABILITY = YES_AGGRESSIVE;
				CLANG_WARN_UNREACHABLE_CODE = YES;
				CLANG_WARN__DUPLICATE_METHOD_MATCH = YES;
				COPY_PHASE_STRIP = NO;
				DEBUG_INFORMATION_FORMAT = dwarf;
				ENABLE_STRICT_OBJC_MSGSEND = YES;
				ENABLE_TESTABILITY = YES;
				GCC_C_LANGUAGE_STANDARD = gnu11;
				GCC_DYNAMIC_NO_PIC = NO;
				GCC_NO_COMMON_BLOCKS = YES;
				GCC_OPTIMIZATION_LEVEL = 0;
				GCC_PREPROCESSOR_DEFINITIONS = (
					"DEBUG=1",
					"$(inherited)",
				);
				GCC_WARN_64_TO_32_BIT_CONVERSION = YES;
				GCC_WARN_ABOUT_RETURN_TYPE = YES_ERROR;
				GCC_WARN_UNDECLARED_SELECTOR = YES;
				GCC_WARN_UNINITIALIZED_AUTOS = YES_AGGRESSIVE;
				GCC_WARN_UNUSED_FUNCTION = YES;
				GCC_WARN_UNUSED_VARIABLE = YES;
				IPHONEOS_DEPLOYMENT_TARGET = 15.5;
				MTL_ENABLE_DEBUG_INFO = INCLUDE_SOURCE;
				MTL_FAST_MATH = YES;
				ONLY_ACTIVE_ARCH = YES;
				SDKROOT = iphoneos;
			};
			name = Debug;
		};
		44976BAF285BC8460010530B /* Release */ = {
			isa = XCBuildConfiguration;
			buildSettings = {
				ALWAYS_SEARCH_USER_PATHS = NO;
				CLANG_ANALYZER_NONNULL = YES;
				CLANG_ANALYZER_NUMBER_OBJECT_CONVERSION = YES_AGGRESSIVE;
				CLANG_CXX_LANGUAGE_STANDARD = "gnu++17";
				CLANG_ENABLE_MODULES = YES;
				CLANG_ENABLE_OBJC_ARC = YES;
				CLANG_ENABLE_OBJC_WEAK = YES;
				CLANG_WARN_BLOCK_CAPTURE_AUTORELEASING = YES;
				CLANG_WARN_BOOL_CONVERSION = YES;
				CLANG_WARN_COMMA = YES;
				CLANG_WARN_CONSTANT_CONVERSION = YES;
				CLANG_WARN_DEPRECATED_OBJC_IMPLEMENTATIONS = YES;
				CLANG_WARN_DIRECT_OBJC_ISA_USAGE = YES_ERROR;
				CLANG_WARN_DOCUMENTATION_COMMENTS = YES;
				CLANG_WARN_EMPTY_BODY = YES;
				CLANG_WARN_ENUM_CONVERSION = YES;
				CLANG_WARN_INFINITE_RECURSION = YES;
				CLANG_WARN_INT_CONVERSION = YES;
				CLANG_WARN_NON_LITERAL_NULL_CONVERSION = YES;
				CLANG_WARN_OBJC_IMPLICIT_RETAIN_SELF = YES;
				CLANG_WARN_OBJC_LITERAL_CONVERSION = YES;
				CLANG_WARN_OBJC_ROOT_CLASS = YES_ERROR;
				CLANG_WARN_QUOTED_INCLUDE_IN_FRAMEWORK_HEADER = YES;
				CLANG_WARN_RANGE_LOOP_ANALYSIS = YES;
				CLANG_WARN_STRICT_PROTOTYPES = YES;
				CLANG_WARN_SUSPICIOUS_MOVE = YES;
				CLANG_WARN_UNGUARDED_AVAILABILITY = YES_AGGRESSIVE;
				CLANG_WARN_UNREACHABLE_CODE = YES;
				CLANG_WARN__DUPLICATE_METHOD_MATCH = YES;
				COPY_PHASE_STRIP = NO;
				DEBUG_INFORMATION_FORMAT = "dwarf-with-dsym";
				ENABLE_NS_ASSERTIONS = NO;
				ENABLE_STRICT_OBJC_MSGSEND = YES;
				GCC_C_LANGUAGE_STANDARD = gnu11;
				GCC_NO_COMMON_BLOCKS = YES;
				GCC_WARN_64_TO_32_BIT_CONVERSION = YES;
				GCC_WARN_ABOUT_RETURN_TYPE = YES_ERROR;
				GCC_WARN_UNDECLARED_SELECTOR = YES;
				GCC_WARN_UNINITIALIZED_AUTOS = YES_AGGRESSIVE;
				GCC_WARN_UNUSED_FUNCTION = YES;
				GCC_WARN_UNUSED_VARIABLE = YES;
				IPHONEOS_DEPLOYMENT_TARGET = 15.5;
				MTL_ENABLE_DEBUG_INFO = NO;
				MTL_FAST_MATH = YES;
				SDKROOT = iphoneos;
				VALIDATE_PRODUCT = YES;
			};
			name = Release;
		};
		44976BB1285BC8460010530B /* Debug */ = {
			isa = XCBuildConfiguration;
			buildSettings = {
				ASSETCATALOG_COMPILER_APPICON_NAME = AppIcon;
				ASSETCATALOG_COMPILER_GLOBAL_ACCENT_COLOR_NAME = AccentColor;
				CODE_SIGN_STYLE = Automatic;
				CURRENT_PROJECT_VERSION = 1;
				GENERATE_INFOPLIST_FILE = YES;
				INFOPLIST_FILE = Flixter1/Info.plist;
				INFOPLIST_KEY_UIApplicationSupportsIndirectInputEvents = YES;
				INFOPLIST_KEY_UILaunchStoryboardName = LaunchScreen;
				INFOPLIST_KEY_UIMainStoryboardFile = Main;
				INFOPLIST_KEY_UISupportedInterfaceOrientations_iPad = "UIInterfaceOrientationPortrait UIInterfaceOrientationPortraitUpsideDown UIInterfaceOrientationLandscapeLeft UIInterfaceOrientationLandscapeRight";
				INFOPLIST_KEY_UISupportedInterfaceOrientations_iPhone = "UIInterfaceOrientationPortrait UIInterfaceOrientationLandscapeLeft UIInterfaceOrientationLandscapeRight";
				LD_RUNPATH_SEARCH_PATHS = (
					"$(inherited)",
					"@executable_path/Frameworks",
				);
				MARKETING_VERSION = 1.0;
				PRODUCT_BUNDLE_IDENTIFIER = com.codepath.Flixter1;
				PRODUCT_NAME = "$(TARGET_NAME)";
				SWIFT_EMIT_LOC_STRINGS = YES;
				TARGETED_DEVICE_FAMILY = "1,2";
			};
			name = Debug;
		};
		44976BB2285BC8460010530B /* Release */ = {
			isa = XCBuildConfiguration;
			buildSettings = {
				ASSETCATALOG_COMPILER_APPICON_NAME = AppIcon;
				ASSETCATALOG_COMPILER_GLOBAL_ACCENT_COLOR_NAME = AccentColor;
				CODE_SIGN_STYLE = Automatic;
				CURRENT_PROJECT_VERSION = 1;
				GENERATE_INFOPLIST_FILE = YES;
				INFOPLIST_FILE = Flixter1/Info.plist;
				INFOPLIST_KEY_UIApplicationSupportsIndirectInputEvents = YES;
				INFOPLIST_KEY_UILaunchStoryboardName = LaunchScreen;
				INFOPLIST_KEY_UIMainStoryboardFile = Main;
				INFOPLIST_KEY_UISupportedInterfaceOrientations_iPad = "UIInterfaceOrientationPortrait UIInterfaceOrientationPortraitUpsideDown UIInterfaceOrientationLandscapeLeft UIInterfaceOrientationLandscapeRight";
				INFOPLIST_KEY_UISupportedInterfaceOrientations_iPhone = "UIInterfaceOrientationPortrait UIInterfaceOrientationLandscapeLeft UIInterfaceOrientationLandscapeRight";
				LD_RUNPATH_SEARCH_PATHS = (
					"$(inherited)",
					"@executable_path/Frameworks",
				);
				MARKETING_VERSION = 1.0;
				PRODUCT_BUNDLE_IDENTIFIER = com.codepath.Flixter1;
				PRODUCT_NAME = "$(TARGET_NAME)";
				SWIFT_EMIT_LOC_STRINGS = YES;
				TARGETED_DEVICE_FAMILY = "1,2";
			};
			name = Release;
		};
		44976BB4285BC8460010530B /* Debug */ = {
			isa = XCBuildConfiguration;
			buildSettings = {
				BUNDLE_LOADER = "$(TEST_HOST)";
				CODE_SIGN_STYLE = Automatic;
				CURRENT_PROJECT_VERSION = 1;
				GENERATE_INFOPLIST_FILE = YES;
				IPHONEOS_DEPLOYMENT_TARGET = 15.5;
				MARKETING_VERSION = 1.0;
				PRODUCT_BUNDLE_IDENTIFIER = com.codepath.Flixter1Tests;
				PRODUCT_NAME = "$(TARGET_NAME)";
				SWIFT_EMIT_LOC_STRINGS = NO;
				TARGETED_DEVICE_FAMILY = "1,2";
				TEST_HOST = "$(BUILT_PRODUCTS_DIR)/Flixter1.app/Flixter1";
			};
			name = Debug;
		};
		44976BB5285BC8460010530B /* Release */ = {
			isa = XCBuildConfiguration;
			buildSettings = {
				BUNDLE_LOADER = "$(TEST_HOST)";
				CODE_SIGN_STYLE = Automatic;
				CURRENT_PROJECT_VERSION = 1;
				GENERATE_INFOPLIST_FILE = YES;
				IPHONEOS_DEPLOYMENT_TARGET = 15.5;
				MARKETING_VERSION = 1.0;
				PRODUCT_BUNDLE_IDENTIFIER = com.codepath.Flixter1Tests;
				PRODUCT_NAME = "$(TARGET_NAME)";
				SWIFT_EMIT_LOC_STRINGS = NO;
				TARGETED_DEVICE_FAMILY = "1,2";
				TEST_HOST = "$(BUILT_PRODUCTS_DIR)/Flixter1.app/Flixter1";
			};
			name = Release;
		};
		44976BB7285BC8460010530B /* Debug */ = {
			isa = XCBuildConfiguration;
			buildSettings = {
				CODE_SIGN_STYLE = Automatic;
				CURRENT_PROJECT_VERSION = 1;
				GENERATE_INFOPLIST_FILE = YES;
				MARKETING_VERSION = 1.0;
				PRODUCT_BUNDLE_IDENTIFIER = com.codepath.Flixter1UITests;
				PRODUCT_NAME = "$(TARGET_NAME)";
				SWIFT_EMIT_LOC_STRINGS = NO;
				TARGETED_DEVICE_FAMILY = "1,2";
				TEST_TARGET_NAME = Flixter1;
			};
			name = Debug;
		};
		44976BB8285BC8460010530B /* Release */ = {
			isa = XCBuildConfiguration;
			buildSettings = {
				CODE_SIGN_STYLE = Automatic;
				CURRENT_PROJECT_VERSION = 1;
				GENERATE_INFOPLIST_FILE = YES;
				MARKETING_VERSION = 1.0;
				PRODUCT_BUNDLE_IDENTIFIER = com.codepath.Flixter1UITests;
				PRODUCT_NAME = "$(TARGET_NAME)";
				SWIFT_EMIT_LOC_STRINGS = NO;
				TARGETED_DEVICE_FAMILY = "1,2";
				TEST_TARGET_NAME = Flixter1;
			};
			name = Release;
		};
/* End XCBuildConfiguration section */

/* Begin XCConfigurationList section */
		44976B7C285BC8450010530B /* Build configuration list for PBXProject "Flixter1" */ = {
			isa = XCConfigurationList;
			buildConfigurations = (
				44976BAE285BC8460010530B /* Debug */,
				44976BAF285BC8460010530B /* Release */,
			);
			defaultConfigurationIsVisible = 0;
			defaultConfigurationName = Release;
		};
		44976BB0285BC8460010530B /* Build configuration list for PBXNativeTarget "Flixter1" */ = {
			isa = XCConfigurationList;
			buildConfigurations = (
				44976BB1285BC8460010530B /* Debug */,
				44976BB2285BC8460010530B /* Release */,
			);
			defaultConfigurationIsVisible = 0;
			defaultConfigurationName = Release;
		};
		44976BB3285BC8460010530B /* Build configuration list for PBXNativeTarget "Flixter1Tests" */ = {
			isa = XCConfigurationList;
			buildConfigurations = (
				44976BB4285BC8460010530B /* Debug */,
				44976BB5285BC8460010530B /* Release */,
			);
			defaultConfigurationIsVisible = 0;
			defaultConfigurationName = Release;
		};
		44976BB6285BC8460010530B /* Build configuration list for PBXNativeTarget "Flixter1UITests" */ = {
			isa = XCConfigurationList;
			buildConfigurations = (
				44976BB7285BC8460010530B /* Debug */,
				44976BB8285BC8460010530B /* Release */,
			);
			defaultConfigurationIsVisible = 0;
			defaultConfigurationName = Release;
		};
/* End XCConfigurationList section */
	};
	rootObject = 44976B79285BC8450010530B /* Project object */;
}
